
Microsoft Visual Studio Solution File, Format Version 12.00
# Visual Studio Version 16
VisualStudioVersion = 16.0.30011.22
MinimumVisualStudioVersion = 10.0.40219.1
Project("{888888A0-9F3D-457C-B088-3A5042F75D52}") = "ChessProject", "ChessProject\ChessProject.pyproj", "{9F05632F-AB6B-4F8F-8FF8-EF064E1461E4}"
EndProject
Global
	GlobalSection(SolutionConfigurationPlatforms) = preSolution
		Debug|Any CPU = Debug|Any CPU
		Release|Any CPU = Release|Any CPU
	EndGlobalSection
	GlobalSection(ProjectConfigurationPlatforms) = postSolution
		{9F05632F-AB6B-4F8F-8FF8-EF064E1461E4}.Debug|Any CPU.ActiveCfg = Debug|Any CPU
		{9F05632F-AB6B-4F8F-8FF8-EF064E1461E4}.Release|Any CPU.ActiveCfg = Release|Any CPU
	EndGlobalSection
	GlobalSection(SolutionProperties) = preSolution
		HideSolutionNode = FALSE
	EndGlobalSection
	GlobalSection(ExtensibilityGlobals) = postSolution
		SolutionGuid = {1A3FD231-39F7-441C-8769-75C4CA7558EC}
	EndGlobalSection
EndGlobal
